
Microsoft Visual Studio Solution File, Format Version 12.00
# Visual Studio Version 16
VisualStudioVersion = 16.0.29920.165
MinimumVisualStudioVersion = 10.0.40219.1
Project("{FAE04EC0-301F-11D3-BF4B-00C04F79EFBC}") = "GameDoanSo", "GameDoanSo\GameDoanSo.csproj", "{F7CB3698-C137-4786-B475-86773D0DBAAD}"
EndProject
Global
	GlobalSection(SolutionConfigurationPlatforms) = preSolution
		Debug|Any CPU = Debug|Any CPU
		Release|Any CPU = Release|Any CPU
	EndGlobalSection
	GlobalSection(ProjectConfigurationPlatforms) = postSolution
		{F7CB3698-C137-4786-B475-86773D0DBAAD}.Debug|Any CPU.ActiveCfg = Debug|Any CPU
		{F7CB3698-C137-4786-B475-86773D0DBAAD}.Debug|Any CPU.Build.0 = Debug|Any CPU
		{F7CB3698-C137-4786-B475-86773D0DBAAD}.Release|Any CPU.ActiveCfg = Release|Any CPU
		{F7CB3698-C137-4786-B475-86773D0DBAAD}.Release|Any CPU.Build.0 = Release|Any CPU
	EndGlobalSection
	GlobalSection(SolutionProperties) = preSolution
		HideSolutionNode = FALSE
	EndGlobalSection
	GlobalSection(ExtensibilityGlobals) = postSolution
		SolutionGuid = {997B9C8E-362B-43B8-9A29-F8C4907123F6}
	EndGlobalSection
EndGlobal
