
Microsoft Visual Studio Solution File, Format Version 12.00
# Visual Studio Version 16
VisualStudioVersion = 16.0.29920.165
MinimumVisualStudioVersion = 10.0.40219.1
Project("{FAE04EC0-301F-11D3-BF4B-00C04F79EFBC}") = "BaiToanDoiTien", "BaiToanDoiTien\BaiToanDoiTien.csproj", "{1EBEE7DD-C9C6-459D-B272-7B4ED065A2D1}"
EndProject
Global
	GlobalSection(SolutionConfigurationPlatforms) = preSolution
		Debug|Any CPU = Debug|Any CPU
		Release|Any CPU = Release|Any CPU
	EndGlobalSection
	GlobalSection(ProjectConfigurationPlatforms) = postSolution
		{1EBEE7DD-C9C6-459D-B272-7B4ED065A2D1}.Debug|Any CPU.ActiveCfg = Debug|Any CPU
		{1EBEE7DD-C9C6-459D-B272-7B4ED065A2D1}.Debug|Any CPU.Build.0 = Debug|Any CPU
		{1EBEE7DD-C9C6-459D-B272-7B4ED065A2D1}.Release|Any CPU.ActiveCfg = Release|Any CPU
		{1EBEE7DD-C9C6-459D-B272-7B4ED065A2D1}.Release|Any CPU.Build.0 = Release|Any CPU
	EndGlobalSection
	GlobalSection(SolutionProperties) = preSolution
		HideSolutionNode = FALSE
	EndGlobalSection
	GlobalSection(ExtensibilityGlobals) = postSolution
		SolutionGuid = {4D8EB9FB-6C9D-4F29-B06F-700FCE2427E1}
	EndGlobalSection
EndGlobal
